Microsoft Visual Studio Solution File, Format Version 12.00
# Visual Studio Version 17
VisualStudioVersion = 17.8.34309.116
MinimumVisualStudioVersion = 10.0.40219.1
Project("{9A19103F-16F7-4668-BE54-9A1E7A4F7556}") = "FamilyShow", "FamilyShow\FamilyShow.csproj", "{6028571C-B855-42AE-8903-77F1D2B5A000}"
EndProject
Project("{9A19103F-16F7-4668-BE54-9A1E7A4F7556}") = "FamilyShowLib", "FamilyShowLib\FamilyShowLib.csproj", "{2D6E56AB-7C1D-4129-858C-E319BF04E7C8}"
EndProject
Project("{2150E333-8FDC-42A3-9474-1A3956D46DE8}") = "Solution Items", "Solution Items", "{B242819D-4D5B-468D-B9C8-4508AFB89D87}"
	ProjectSection(SolutionItems) = preProject
		.editorconfig = .editorconfig
		Directory.Build.Props = Directory.Build.Props
		LICENSE = LICENSE
		README.md = README.md
	EndProjectSection
EndProject
Project("{9A19103F-16F7-4668-BE54-9A1E7A4F7556}") = "FamilyShowLib.Tests", "FamilyShowLib.Tests\FamilyShowLib.Tests.csproj", "{22D1268C-F1A5-4092-A6EA-717787BCB5F6}"
EndProject
Project("{FAE04EC0-301F-11D3-BF4B-00C04F79EFBC}") = "FamilyShow.Tests", "FamilyShow.Tests\FamilyShow.Tests.csproj", "{0F6BE0B3-C648-4B57-8286-BD9346562CE3}"
EndProject
Global
	GlobalSection(SolutionConfigurationPlatforms) = preSolution
		Debug|Any CPU = Debug|Any CPU
		Release|Any CPU = Release|Any CPU
	EndGlobalSection
	GlobalSection(ProjectConfigurationPlatforms) = postSolution
		{6028571C-B855-42AE-8903-77F1D2B5A000}.Debug|Any CPU.ActiveCfg = Debug|Any CPU
		{6028571C-B855-42AE-8903-77F1D2B5A000}.Debug|Any CPU.Build.0 = Debug|Any CPU
		{6028571C-B855-42AE-8903-77F1D2B5A000}.Release|Any CPU.ActiveCfg = Release|Any CPU
		{6028571C-B855-42AE-8903-77F1D2B5A000}.Release|Any CPU.Build.0 = Release|Any CPU
		{2D6E56AB-7C1D-4129-858C-E319BF04E7C8}.Debug|Any CPU.ActiveCfg = Debug|Any CPU
		{2D6E56AB-7C1D-4129-858C-E319BF04E7C8}.Debug|Any CPU.Build.0 = Debug|Any CPU
		{2D6E56AB-7C1D-4129-858C-E319BF04E7C8}.Release|Any CPU.ActiveCfg = Release|Any CPU
		{2D6E56AB-7C1D-4129-858C-E319BF04E7C8}.Release|Any CPU.Build.0 = Release|Any CPU
		{22D1268C-F1A5-4092-A6EA-717787BCB5F6}.Debug|Any CPU.ActiveCfg = Debug|Any CPU
		{22D1268C-F1A5-4092-A6EA-717787BCB5F6}.Debug|Any CPU.Build.0 = Debug|Any CPU
		{22D1268C-F1A5-4092-A6EA-717787BCB5F6}.Release|Any CPU.ActiveCfg = Release|Any CPU
		{22D1268C-F1A5-4092-A6EA-717787BCB5F6}.Release|Any CPU.Build.0 = Release|Any CPU
		{0F6BE0B3-C648-4B57-8286-BD9346562CE3}.Debug|Any CPU.ActiveCfg = Debug|Any CPU
		{0F6BE0B3-C648-4B57-8286-BD9346562CE3}.Debug|Any CPU.Build.0 = Debug|Any CPU
		{0F6BE0B3-C648-4B57-8286-BD9346562CE3}.Release|Any CPU.ActiveCfg = Release|Any CPU
		{0F6BE0B3-C648-4B57-8286-BD9346562CE3}.Release|Any CPU.Build.0 = Release|Any CPU
	EndGlobalSection
	GlobalSection(SolutionProperties) = preSolution
		HideSolutionNode = FALSE
	EndGlobalSection
	GlobalSection(ExtensibilityGlobals) = postSolution
		SolutionGuid = {14954E03-1F04-4E4C-BF00-2F16BD8030DA}
	EndGlobalSection
EndGlobal
